// !$*UTF8*$!
{
	archiveVersion = 1;
	classes = {
	};
	objectVersion = 56;
	objects = {

/* Begin PBXBuildFile section */
		A858BBF92B64361E004859BC /* Problems.swift in Sources */ = {isa = PBXBuildFile; fileRef = A858BBF82B64361E004859BC /* Problems.swift */; };
		A858BC042B643670004859BC /* ProblemsTests.swift in Sources */ = {isa = PBXBuildFile; fileRef = A858BC032B643670004859BC /* ProblemsTests.swift */; };
		A858BC052B643670004859BC /* libProblems.a in Frameworks */ = {isa = PBXBuildFile; fileRef = A858BBF52B64361E004859BC /* libProblems.a */; };
		A858BC362B64374D004859BC /* Problem_37.swift in Sources */ = {isa = PBXBuildFile; fileRef = A858BC0D2B643741004859BC /* Problem_37.swift */; };
		A858BC372B64374D004859BC /* Problem_30.swift in Sources */ = {isa = PBXBuildFile; fileRef = A858BC0E2B643741004859BC /* Problem_30.swift */; };
		A858BC382B64374D004859BC /* Problem_17.swift in Sources */ = {isa = PBXBuildFile; fileRef = A858BC0F2B643742004859BC /* Problem_17.swift */; };
		A858BC392B64374D004859BC /* Problem_31.swift in Sources */ = {isa = PBXBuildFile; fileRef = A858BC102B643742004859BC /* Problem_31.swift */; };
		A858BC3A2B64374D004859BC /* Problem_15.swift in Sources */ = {isa = PBXBuildFile; fileRef = A858BC112B643742004859BC /* Problem_15.swift */; };
		A858BC3B2B64374D004859BC /* Problem_3.swift in Sources */ = {isa = PBXBuildFile; fileRef = A858BC122B643742004859BC /* Problem_3.swift */; };
		A858BC3C2B64374D004859BC /* Problem_21.swift in Sources */ = {isa = PBXBuildFile; fileRef = A858BC132B643743004859BC /* Problem_21.swift */; };
		A858BC3D2B64374D004859BC /* Problem_2.swift in Sources */ = {isa = PBXBuildFile; fileRef = A858BC142B643743004859BC /* Problem_2.swift */; };
		A858BC3E2B64374D004859BC /* Problem_6.swift in Sources */ = {isa = PBXBuildFile; fileRef = A858BC152B643743004859BC /* Problem_6.swift */; };
		A858BC3F2B64374D004859BC /* Problem_16.swift in Sources */ = {isa = PBXBuildFile; fileRef = A858BC162B643743004859BC /* Problem_16.swift */; };
		A858BC402B64374D004859BC /* Problem_23.swift in Sources */ = {isa = PBXBuildFile; fileRef = A858BC172B643744004859BC /* Problem_23.swift */; };
		A858BC412B64374D004859BC /* Problem_27.swift in Sources */ = {isa = PBXBuildFile; fileRef = A858BC182B643744004859BC /* Problem_27.swift */; };
		A858BC422B64374D004859BC /* Problem_28.swift in Sources */ = {isa = PBXBuildFile; fileRef = A858BC192B643745004859BC /* Problem_28.swift */; };
		A858BC432B64374D004859BC /* Problem_1.swift in Sources */ = {isa = PBXBuildFile; fileRef = A858BC1A2B643745004859BC /* Problem_1.swift */; };
		A858BC442B64374D004859BC /* Problem_5.swift in Sources */ = {isa = PBXBuildFile; fileRef = A858BC1B2B643745004859BC /* Problem_5.swift */; };
		A858BC452B64374D004859BC /* Problem_29.swift in Sources */ = {isa = PBXBuildFile; fileRef = A858BC1C2B643745004859BC /* Problem_29.swift */; };
		A858BC462B64374D004859BC /* Problem_36.swift in Sources */ = {isa = PBXBuildFile; fileRef = A858BC1D2B643746004859BC /* Problem_36.swift */; };
		A858BC472B64374D004859BC /* Problem_9.swift in Sources */ = {isa = PBXBuildFile; fileRef = A858BC1E2B643746004859BC /* Problem_9.swift */; };
		A858BC482B64374D004859BC /* Problem_32.swift in Sources */ = {isa = PBXBuildFile; fileRef = A858BC1F2B643746004859BC /* Problem_32.swift */; };
		A858BC492B64374D004859BC /* Problem_26.swift in Sources */ = {isa = PBXBuildFile; fileRef = A858BC202B643746004859BC /* Problem_26.swift */; };
		A858BC4A2B64374D004859BC /* Problem_12.swift in Sources */ = {isa = PBXBuildFile; fileRef = A858BC212B643747004859BC /* Problem_12.swift */; };
		A858BC4B2B64374D004859BC /* Problem_43.swift in Sources */ = {isa = PBXBuildFile; fileRef = A858BC222B643747004859BC /* Problem_43.swift */; };
		A858BC4C2B64374D004859BC /* Problem_24.swift in Sources */ = {isa = PBXBuildFile; fileRef = A858BC232B643747004859BC /* Problem_24.swift */; };
		A858BC4D2B64374D004859BC /* Problem_20.swift in Sources */ = {isa = PBXBuildFile; fileRef = A858BC242B643748004859BC /* Problem_20.swift */; };
		A858BC4E2B64374D004859BC /* Problem_33.swift in Sources */ = {isa = PBXBuildFile; fileRef = A858BC252B643748004859BC /* Problem_33.swift */; };
		A858BC4F2B64374D004859BC /* Problem_34.swift in Sources */ = {isa = PBXBuildFile; fileRef = A858BC262B643748004859BC /* Problem_34.swift */; };
		A858BC502B64374D004859BC /* Problem_14.swift in Sources */ = {isa = PBXBuildFile; fileRef = A858BC272B643749004859BC /* Problem_14.swift */; };
		A858BC512B64374D004859BC /* Problem_35.swift in Sources */ = {isa = PBXBuildFile; fileRef = A858BC282B643749004859BC /* Problem_35.swift */; };
		A858BC522B64374D004859BC /* Problem_19.swift in Sources */ = {isa = PBXBuildFile; fileRef = A858BC292B643749004859BC /* Problem_19.swift */; };
		A858BC532B64374D004859BC /* Problem_10.swift in Sources */ = {isa = PBXBuildFile; fileRef = A858BC2A2B64374A004859BC /* Problem_10.swift */; };
		A858BC542B64374D004859BC /* Problem_11.swift in Sources */ = {isa = PBXBuildFile; fileRef = A858BC2B2B64374A004859BC /* Problem_11.swift */; };
		A858BC552B64374D004859BC /* Problem_25.swift in Sources */ = {isa = PBXBuildFile; fileRef = A858BC2C2B64374A004859BC /* Problem_25.swift */; };
		A858BC562B64374D004859BC /* Problem_4.swift in Sources */ = {isa = PBXBuildFile; fileRef = A858BC2D2B64374A004859BC /* Problem_4.swift */; };
		A858BC572B64374D004859BC /* Problem_38.swift in Sources */ = {isa = PBXBuildFile; fileRef = A858BC2E2B64374B004859BC /* Problem_38.swift */; };
		A858BC582B64374D004859BC /* Problem_49.swift in Sources */ = {isa = PBXBuildFile; fileRef = A858BC2F2B64374B004859BC /* Problem_49.swift */; };
		A858BC592B64374D004859BC /* Problem_8.swift in Sources */ = {isa = PBXBuildFile; fileRef = A858BC302B64374B004859BC /* Problem_8.swift */; };
		A858BC5A2B64374D004859BC /* Problem_18.swift in Sources */ = {isa = PBXBuildFile; fileRef = A858BC312B64374C004859BC /* Problem_18.swift */; };
		A858BC5B2B64374D004859BC /* Problem_48.swift in Sources */ = {isa = PBXBuildFile; fileRef = A858BC322B64374C004859BC /* Problem_48.swift */; };
		A858BC5C2B64374D004859BC /* Problem_7.swift in Sources */ = {isa = PBXBuildFile; fileRef = A858BC332B64374C004859BC /* Problem_7.swift */; };
		A858BC5D2B64374D004859BC /* Problem_22.swift in Sources */ = {isa = PBXBuildFile; fileRef = A858BC342B64374D004859BC /* Problem_22.swift */; };
		A858BC5E2B64374D004859BC /* Problem_13.swift in Sources */ = {isa = PBXBuildFile; fileRef = A858BC352B64374D004859BC /* Problem_13.swift */; };
		A858BC602B64388F004859BC /* ProblemsTests_50.swift in Sources */ = {isa = PBXBuildFile; fileRef = A858BC5F2B64388F004859BC /* ProblemsTests_50.swift */; };
		A858BC612B64FF32004859BC /* Problem_18.swift in Sources */ = {isa = PBXBuildFile; fileRef = A858BC312B64374C004859BC /* Problem_18.swift */; };
		A858BC622B64FF32004859BC /* Problem_35.swift in Sources */ = {isa = PBXBuildFile; fileRef = A858BC282B643749004859BC /* Problem_35.swift */; };
		A858BC632B64FF32004859BC /* Problem_2.swift in Sources */ = {isa = PBXBuildFile; fileRef = A858BC142B643743004859BC /* Problem_2.swift */; };
		A858BC642B64FF32004859BC /* Problem_23.swift in Sources */ = {isa = PBXBuildFile; fileRef = A858BC172B643744004859BC /* Problem_23.swift */; };
		A858BC652B64FF32004859BC /* Problem_26.swift in Sources */ = {isa = PBXBuildFile; fileRef = A858BC202B643746004859BC /* Problem_26.swift */; };
		A858BC662B64FF32004859BC /* Problem_22.swift in Sources */ = {isa = PBXBuildFile; fileRef = A858BC342B64374D004859BC /* Problem_22.swift */; };
		A858BC672B64FF32004859BC /* Problem_20.swift in Sources */ = {isa = PBXBuildFile; fileRef = A858BC242B643748004859BC /* Problem_20.swift */; };
		A858BC682B64FF32004859BC /* Problem_16.swift in Sources */ = {isa = PBXBuildFile; fileRef = A858BC162B643743004859BC /* Problem_16.swift */; };
		A858BC692B64FF32004859BC /* Problem_13.swift in Sources */ = {isa = PBXBuildFile; fileRef = A858BC352B64374D004859BC /* Problem_13.swift */; };
		A858BC6A2B64FF32004859BC /* Problem_1.swift in Sources */ = {isa = PBXBuildFile; fileRef = A858BC1A2B643745004859BC /* Problem_1.swift */; };
		A858BC6B2B64FF32004859BC /* Problem_36.swift in Sources */ = {isa = PBXBuildFile; fileRef = A858BC1D2B643746004859BC /* Problem_36.swift */; };
		A858BC6C2B64FF32004859BC /* Problem_12.swift in Sources */ = {isa = PBXBuildFile; fileRef = A858BC212B643747004859BC /* Problem_12.swift */; };
		A858BC6D2B64FF32004859BC /* Problem_27.swift in Sources */ = {isa = PBXBuildFile; fileRef = A858BC182B643744004859BC /* Problem_27.swift */; };
		A858BC6E2B64FF32004859BC /* Problem_21.swift in Sources */ = {isa = PBXBuildFile; fileRef = A858BC132B643743004859BC /* Problem_21.swift */; };
		A858BC6F2B64FF32004859BC /* Problem_32.swift in Sources */ = {isa = PBXBuildFile; fileRef = A858BC1F2B643746004859BC /* Problem_32.swift */; };
		A858BC702B64FF32004859BC /* Problem_6.swift in Sources */ = {isa = PBXBuildFile; fileRef = A858BC152B643743004859BC /* Problem_6.swift */; };
		A858BC712B64FF32004859BC /* Problem_33.swift in Sources */ = {isa = PBXBuildFile; fileRef = A858BC252B643748004859BC /* Problem_33.swift */; };
		A858BC722B64FF32004859BC /* Problem_49.swift in Sources */ = {isa = PBXBuildFile; fileRef = A858BC2F2B64374B004859BC /* Problem_49.swift */; };
		A858BC732B64FF32004859BC /* Problem_10.swift in Sources */ = {isa = PBXBuildFile; fileRef = A858BC2A2B64374A004859BC /* Problem_10.swift */; };
		A858BC742B64FF32004859BC /* Problem_43.swift in Sources */ = {isa = PBXBuildFile; fileRef = A858BC222B643747004859BC /* Problem_43.swift */; };
		A858BC752B64FF32004859BC /* Problem_31.swift in Sources */ = {isa = PBXBuildFile; fileRef = A858BC102B643742004859BC /* Problem_31.swift */; };
		A858BC762B64FF32004859BC /* Problem_28.swift in Sources */ = {isa = PBXBuildFile; fileRef = A858BC192B643745004859BC /* Problem_28.swift */; };
		A858BC772B64FF32004859BC /* Problem_17.swift in Sources */ = {isa = PBXBuildFile; fileRef = A858BC0F2B643742004859BC /* Problem_17.swift */; };
		A858BC782B64FF32004859BC /* Problem_15.swift in Sources */ = {isa = PBXBuildFile; fileRef = A858BC112B643742004859BC /* Problem_15.swift */; };
		A858BC792B64FF32004859BC /* Problem_14.swift in Sources */ = {isa = PBXBuildFile; fileRef = A858BC272B643749004859BC /* Problem_14.swift */; };
		A858BC7A2B64FF32004859BC /* Problem_9.swift in Sources */ = {isa = PBXBuildFile; fileRef = A858BC1E2B643746004859BC /* Problem_9.swift */; };
		A858BC7B2B64FF32004859BC /* Problem_8.swift in Sources */ = {isa = PBXBuildFile; fileRef = A858BC302B64374B004859BC /* Problem_8.swift */; };
		A858BC7C2B64FF32004859BC /* Problem_7.swift in Sources */ = {isa = PBXBuildFile; fileRef = A858BC332B64374C004859BC /* Problem_7.swift */; };
		A858BC7D2B64FF32004859BC /* Problem_5.swift in Sources */ = {isa = PBXBuildFile; fileRef = A858BC1B2B643745004859BC /* Problem_5.swift */; };
		A858BC7E2B64FF32004859BC /* Problem_48.swift in Sources */ = {isa = PBXBuildFile; fileRef = A858BC322B64374C004859BC /* Problem_48.swift */; };
		A858BC7F2B64FF32004859BC /* Problem_37.swift in Sources */ = {isa = PBXBuildFile; fileRef = A858BC0D2B643741004859BC /* Problem_37.swift */; };
		A858BC802B64FF32004859BC /* Problem_4.swift in Sources */ = {isa = PBXBuildFile; fileRef = A858BC2D2B64374A004859BC /* Problem_4.swift */; };
		A858BC812B64FF32004859BC /* Problem_30.swift in Sources */ = {isa = PBXBuildFile; fileRef = A858BC0E2B643741004859BC /* Problem_30.swift */; };
		A858BC822B64FF32004859BC /* Problem_25.swift in Sources */ = {isa = PBXBuildFile; fileRef = A858BC2C2B64374A004859BC /* Problem_25.swift */; };
		A858BC832B64FF32004859BC /* Problem_3.swift in Sources */ = {isa = PBXBuildFile; fileRef = A858BC122B643742004859BC /* Problem_3.swift */; };
		A858BC842B64FF32004859BC /* Problem_38.swift in Sources */ = {isa = PBXBuildFile; fileRef = A858BC2E2B64374B004859BC /* Problem_38.swift */; };
		A858BC852B64FF32004859BC /* Problem_34.swift in Sources */ = {isa = PBXBuildFile; fileRef = A858BC262B643748004859BC /* Problem_34.swift */; };
		A858BC862B64FF32004859BC /* Problem_24.swift in Sources */ = {isa = PBXBuildFile; fileRef = A858BC232B643747004859BC /* Problem_24.swift */; };
		A858BC872B64FF32004859BC /* Problem_11.swift in Sources */ = {isa = PBXBuildFile; fileRef = A858BC2B2B64374A004859BC /* Problem_11.swift */; };
		A858BC882B64FF32004859BC /* Problem_29.swift in Sources */ = {isa = PBXBuildFile; fileRef = A858BC1C2B643745004859BC /* Problem_29.swift */; };
		A858BC892B64FF32004859BC /* Problem_19.swift in Sources */ = {isa = PBXBuildFile; fileRef = A858BC292B643749004859BC /* Problem_19.swift */; };
		A858BC8A2B64FF50004859BC /* Problems.swift in Sources */ = {isa = PBXBuildFile; fileRef = A858BBF82B64361E004859BC /* Problems.swift */; };
		A858BC8C2B650017004859BC /* ListNode.swift in Sources */ = {isa = PBXBuildFile; fileRef = A858BC8B2B650017004859BC /* ListNode.swift */; };
		A858BC8D2B650017004859BC /* ListNode.swift in Sources */ = {isa = PBXBuildFile; fileRef = A858BC8B2B650017004859BC /* ListNode.swift */; };
		A858BC932B654DF6004859BC /* Problem_53.swift in Sources */ = {isa = PBXBuildFile; fileRef = A858BC922B654DF6004859BC /* Problem_53.swift */; };
		A858BC952B654E34004859BC /* ProblemsTests_100.swift in Sources */ = {isa = PBXBuildFile; fileRef = A858BC942B654E34004859BC /* ProblemsTests_100.swift */; };
		A858BC962B659310004859BC /* Problem_53.swift in Sources */ = {isa = PBXBuildFile; fileRef = A858BC922B654DF6004859BC /* Problem_53.swift */; };
		A858BC982B6593F5004859BC /* LRUCache.swift in Sources */ = {isa = PBXBuildFile; fileRef = A858BC972B6593F4004859BC /* LRUCache.swift */; };
		A858BC992B6593F5004859BC /* LRUCache.swift in Sources */ = {isa = PBXBuildFile; fileRef = A858BC972B6593F4004859BC /* LRUCache.swift */; };
		A858BCA22B65943A004859BC /* Problem_141.swift in Sources */ = {isa = PBXBuildFile; fileRef = A858BC9B2B659438004859BC /* Problem_141.swift */; };
		A858BCA32B65943A004859BC /* Problem_141.swift in Sources */ = {isa = PBXBuildFile; fileRef = A858BC9B2B659438004859BC /* Problem_141.swift */; };
		A858BCA42B65943A004859BC /* Problem_121.swift in Sources */ = {isa = PBXBuildFile; fileRef = A858BC9C2B659439004859BC /* Problem_121.swift */; };
		A858BCA52B65943A004859BC /* Problem_121.swift in Sources */ = {isa = PBXBuildFile; fileRef = A858BC9C2B659439004859BC /* Problem_121.swift */; };
		A858BCA62B65943A004859BC /* Problem_110.swift in Sources */ = {isa = PBXBuildFile; fileRef = A858BC9D2B659439004859BC /* Problem_110.swift */; };
		A858BCA72B65943A004859BC /* Problem_110.swift in Sources */ = {isa = PBXBuildFile; fileRef = A858BC9D2B659439004859BC /* Problem_110.swift */; };
		A858BCA82B65943A004859BC /* Problem_136.swift in Sources */ = {isa = PBXBuildFile; fileRef = A858BC9E2B659439004859BC /* Problem_136.swift */; };
		A858BCA92B65943A004859BC /* Problem_136.swift in Sources */ = {isa = PBXBuildFile; fileRef = A858BC9E2B659439004859BC /* Problem_136.swift */; };
		A858BCAA2B65943A004859BC /* Problem_104.swift in Sources */ = {isa = PBXBuildFile; fileRef = A858BC9F2B659439004859BC /* Problem_104.swift */; };
		A858BCAB2B65943A004859BC /* Problem_104.swift in Sources */ = {isa = PBXBuildFile; fileRef = A858BC9F2B659439004859BC /* Problem_104.swift */; };
		A858BCAC2B65943A004859BC /* Problem_103.swift in Sources */ = {isa = PBXBuildFile; fileRef = A858BCA02B65943A004859BC /* Problem_103.swift */; };
		A858BCAD2B65943A004859BC /* Problem_103.swift in Sources */ = {isa = PBXBuildFile; fileRef = A858BCA02B65943A004859BC /* Problem_103.swift */; };
		A858BCAE2B65943A004859BC /* Problem_125.swift in Sources */ = {isa = PBXBuildFile; fileRef = A858BCA12B65943A004859BC /* Problem_125.swift */; };
		A858BCAF2B65943A004859BC /* Problem_125.swift in Sources */ = {isa = PBXBuildFile; fileRef = A858BCA12B65943A004859BC /* Problem_125.swift */; };
		A858BCB12B659480004859BC /* Problem_150.swift in Sources */ = {isa = PBXBuildFile; fileRef = A858BCB02B659480004859BC /* Problem_150.swift */; };
		A858BCB22B659480004859BC /* Problem_150.swift in Sources */ = {isa = PBXBuildFile; fileRef = A858BCB02B659480004859BC /* Problem_150.swift */; };
		A858BCB42B6594B7004859BC /* TreeNode.swift in Sources */ = {isa = PBXBuildFile; fileRef = A858BCB32B6594B7004859BC /* TreeNode.swift */; };
		A858BCB52B6594B7004859BC /* TreeNode.swift in Sources */ = {isa = PBXBuildFile; fileRef = A858BCB32B6594B7004859BC /* TreeNode.swift */; };
		A858BCB72B6594E6004859BC /* DoubleLinkedList.swift in Sources */ = {isa = PBXBuildFile; fileRef = A858BCB62B6594E6004859BC /* DoubleLinkedList.swift */; };
		A858BCB82B6594E6004859BC /* DoubleLinkedList.swift in Sources */ = {isa = PBXBuildFile; fileRef = A858BCB62B6594E6004859BC /* DoubleLinkedList.swift */; };
		A858BCBA2B659512004859BC /* ProblemsTests_150.swift in Sources */ = {isa = PBXBuildFile; fileRef = A858BCB92B659512004859BC /* ProblemsTests_150.swift */; };
		A858BCBF2B6595FA004859BC /* Problem_167.swift in Sources */ = {isa = PBXBuildFile; fileRef = A858BCBC2B6595F9004859BC /* Problem_167.swift */; };
		A858BCC02B6595FA004859BC /* Problem_167.swift in Sources */ = {isa = PBXBuildFile; fileRef = A858BCBC2B6595F9004859BC /* Problem_167.swift */; };
		A858BCC12B6595FA004859BC /* Problem_153.swift in Sources */ = {isa = PBXBuildFile; fileRef = A858BCBD2B6595FA004859BC /* Problem_153.swift */; };
		A858BCC22B6595FA004859BC /* Problem_153.swift in Sources */ = {isa = PBXBuildFile; fileRef = A858BCBD2B6595FA004859BC /* Problem_153.swift */; };
		A858BCC32B6595FA004859BC /* Problem_200.swift in Sources */ = {isa = PBXBuildFile; fileRef = A858BCBE2B6595FA004859BC /* Problem_200.swift */; };
		A858BCC42B6595FA004859BC /* Problem_200.swift in Sources */ = {isa = PBXBuildFile; fileRef = A858BCBE2B6595FA004859BC /* Problem_200.swift */; };
		A858BCC72B659610004859BC /* ProblemsTests_200.swift in Sources */ = {isa = PBXBuildFile; fileRef = A858BCC52B659610004859BC /* ProblemsTests_200.swift */; };
		A858BCC92B6685D2004859BC /* Queue.swift in Sources */ = {isa = PBXBuildFile; fileRef = A858BCC82B6685D2004859BC /* Queue.swift */; };
		A858BCCA2B6685D2004859BC /* Queue.swift in Sources */ = {isa = PBXBuildFile; fileRef = A858BCC82B6685D2004859BC /* Queue.swift */; };
		A858BCCC2B669805004859BC /* LinkedList.swift in Sources */ = {isa = PBXBuildFile; fileRef = A858BCCB2B669805004859BC /* LinkedList.swift */; };
		A858BCCD2B669805004859BC /* LinkedList.swift in Sources */ = {isa = PBXBuildFile; fileRef = A858BCCB2B669805004859BC /* LinkedList.swift */; };
		A858BCD02B6698ED004859BC /* Problem_205.swift in Sources */ = {isa = PBXBuildFile; fileRef = A858BCCF2B6698ED004859BC /* Problem_205.swift */; };
		A858BCD12B6698ED004859BC /* Problem_205.swift in Sources */ = {isa = PBXBuildFile; fileRef = A858BCCF2B6698ED004859BC /* Problem_205.swift */; };
		A858BCD32B669AF4004859BC /* ProblemsTests_250.swift in Sources */ = {isa = PBXBuildFile; fileRef = A858BCD22B669AF4004859BC /* ProblemsTests_250.swift */; };
		A858BCD52B66A170004859BC /* Problem_206.swift in Sources */ = {isa = PBXBuildFile; fileRef = A858BCD42B66A170004859BC /* Problem_206.swift */; };
		A858BCD62B66A170004859BC /* Problem_206.swift in Sources */ = {isa = PBXBuildFile; fileRef = A858BCD42B66A170004859BC /* Problem_206.swift */; };
		A858BCD82B66C814004859BC /* Problem_228.swift in Sources */ = {isa = PBXBuildFile; fileRef = A858BCD72B66C814004859BC /* Problem_228.swift */; };
		A858BCD92B66C814004859BC /* Problem_228.swift in Sources */ = {isa = PBXBuildFile; fileRef = A858BCD72B66C814004859BC /* Problem_228.swift */; };
		A858BCDB2B66CE14004859BC /* MyQueue.swift in Sources */ = {isa = PBXBuildFile; fileRef = A858BCDA2B66CE14004859BC /* MyQueue.swift */; };
		A858BCDC2B66CE14004859BC /* MyQueue.swift in Sources */ = {isa = PBXBuildFile; fileRef = A858BCDA2B66CE14004859BC /* MyQueue.swift */; };
		A858BCDE2B66D630004859BC /* Problem_234.swift in Sources */ = {isa = PBXBuildFile; fileRef = A858BCDD2B66D630004859BC /* Problem_234.swift */; };
		A858BCDF2B66D630004859BC /* Problem_234.swift in Sources */ = {isa = PBXBuildFile; fileRef = A858BCDD2B66D630004859BC /* Problem_234.swift */; };
/* End PBXBuildFile section */

/* Begin PBXContainerItemProxy section */
		A858BC062B643670004859BC /* PBXContainerItemProxy */ = {
			isa = PBXContainerItemProxy;
			containerPortal = A858BBEB2B6434D1004859BC /* Project object */;
			proxyType = 1;
			remoteGlobalIDString = A858BBF42B64361E004859BC;
			remoteInfo = Problems;
		};
/* End PBXContainerItemProxy section */

/* Begin PBXCopyFilesBuildPhase section */
		A858BBF32B64361E004859BC /* CopyFiles */ = {
			isa = PBXCopyFilesBuildPhase;
			buildActionMask = 2147483647;
			dstPath = "include/$(PRODUCT_NAME)";
			dstSubfolderSpec = 16;
			files = (
			);
			runOnlyForDeploymentPostprocessing = 0;
		};
/* End PBXCopyFilesBuildPhase section */

/* Begin PBXFileReference section */
		A858BBF52B64361E004859BC /* libProblems.a */ = {isa = PBXFileReference; explicitFileType = archive.ar; includeInIndex = 0; path = libProblems.a; sourceTree = BUILT_PRODUCTS_DIR; };
		A858BBF82B64361E004859BC /* Problems.swift */ = {isa = PBXFileReference; lastKnownFileType = sourcecode.swift; path = Problems.swift; sourceTree = "<group>"; };
		A858BC012B643670004859BC /* ProblemsTests.xctest */ = {isa = PBXFileReference; explicitFileType = wrapper.cfbundle; includeInIndex = 0; path = ProblemsTests.xctest; sourceTree = BUILT_PRODUCTS_DIR; };
		A858BC032B643670004859BC /* ProblemsTests.swift */ = {isa = PBXFileReference; lastKnownFileType = sourcecode.swift; path = ProblemsTests.swift; sourceTree = "<group>"; };
		A858BC0D2B643741004859BC /* Problem_37.swift */ = {isa = PBXFileReference; fileEncoding = 4; lastKnownFileType = sourcecode.swift; path = Problem_37.swift; sourceTree = "<group>"; };
		A858BC0E2B643741004859BC /* Problem_30.swift */ = {isa = PBXFileReference; fileEncoding = 4; lastKnownFileType = sourcecode.swift; path = Problem_30.swift; sourceTree = "<group>"; };
		A858BC0F2B643742004859BC /* Problem_17.swift */ = {isa = PBXFileReference; fileEncoding = 4; lastKnownFileType = sourcecode.swift; path = Problem_17.swift; sourceTree = "<group>"; };
		A858BC102B643742004859BC /* Problem_31.swift */ = {isa = PBXFileReference; fileEncoding = 4; lastKnownFileType = sourcecode.swift; path = Problem_31.swift; sourceTree = "<group>"; };
		A858BC112B643742004859BC /* Problem_15.swift */ = {isa = PBXFileReference; fileEncoding = 4; lastKnownFileType = sourcecode.swift; path = Problem_15.swift; sourceTree = "<group>"; };
		A858BC122B643742004859BC /* Problem_3.swift */ = {isa = PBXFileReference; fileEncoding = 4; lastKnownFileType = sourcecode.swift; path = Problem_3.swift; sourceTree = "<group>"; };
		A858BC132B643743004859BC /* Problem_21.swift */ = {isa = PBXFileReference; fileEncoding = 4; lastKnownFileType = sourcecode.swift; path = Problem_21.swift; sourceTree = "<group>"; };
		A858BC142B643743004859BC /* Problem_2.swift */ = {isa = PBXFileReference; fileEncoding = 4; lastKnownFileType = sourcecode.swift; path = Problem_2.swift; sourceTree = "<group>"; };
		A858BC152B643743004859BC /* Problem_6.swift */ = {isa = PBXFileReference; fileEncoding = 4; lastKnownFileType = sourcecode.swift; path = Problem_6.swift; sourceTree = "<group>"; };
		A858BC162B643743004859BC /* Problem_16.swift */ = {isa = PBXFileReference; fileEncoding = 4; lastKnownFileType = sourcecode.swift; path = Problem_16.swift; sourceTree = "<group>"; };
		A858BC172B643744004859BC /* Problem_23.swift */ = {isa = PBXFileReference; fileEncoding = 4; lastKnownFileType = sourcecode.swift; path = Problem_23.swift; sourceTree = "<group>"; };
		A858BC182B643744004859BC /* Problem_27.swift */ = {isa = PBXFileReference; fileEncoding = 4; lastKnownFileType = sourcecode.swift; path = Problem_27.swift; sourceTree = "<group>"; };
		A858BC192B643745004859BC /* Problem_28.swift */ = {isa = PBXFileReference; fileEncoding = 4; lastKnownFileType = sourcecode.swift; path = Problem_28.swift; sourceTree = "<group>"; };
		A858BC1A2B643745004859BC /* Problem_1.swift */ = {isa = PBXFileReference; fileEncoding = 4; lastKnownFileType = sourcecode.swift; path = Problem_1.swift; sourceTree = "<group>"; };
		A858BC1B2B643745004859BC /* Problem_5.swift */ = {isa = PBXFileReference; fileEncoding = 4; lastKnownFileType = sourcecode.swift; path = Problem_5.swift; sourceTree = "<group>"; };
		A858BC1C2B643745004859BC /* Problem_29.swift */ = {isa = PBXFileReference; fileEncoding = 4; lastKnownFileType = sourcecode.swift; path = Problem_29.swift; sourceTree = "<group>"; };
		A858BC1D2B643746004859BC /* Problem_36.swift */ = {isa = PBXFileReference; fileEncoding = 4; lastKnownFileType = sourcecode.swift; path = Problem_36.swift; sourceTree = "<group>"; };
		A858BC1E2B643746004859BC /* Problem_9.swift */ = {isa = PBXFileReference; fileEncoding = 4; lastKnownFileType = sourcecode.swift; path = Problem_9.swift; sourceTree = "<group>"; };
		A858BC1F2B643746004859BC /* Problem_32.swift */ = {isa = PBXFileReference; fileEncoding = 4; lastKnownFileType = sourcecode.swift; path = Problem_32.swift; sourceTree = "<group>"; };
		A858BC202B643746004859BC /* Problem_26.swift */ = {isa = PBXFileReference; fileEncoding = 4; lastKnownFileType = sourcecode.swift; path = Problem_26.swift; sourceTree = "<group>"; };
		A858BC212B643747004859BC /* Problem_12.swift */ = {isa = PBXFileReference; fileEncoding = 4; lastKnownFileType = sourcecode.swift; path = Problem_12.swift; sourceTree = "<group>"; };
		A858BC222B643747004859BC /* Problem_43.swift */ = {isa = PBXFileReference; fileEncoding = 4; lastKnownFileType = sourcecode.swift; path = Problem_43.swift; sourceTree = "<group>"; };
		A858BC232B643747004859BC /* Problem_24.swift */ = {isa = PBXFileReference; fileEncoding = 4; lastKnownFileType = sourcecode.swift; path = Problem_24.swift; sourceTree = "<group>"; };
		A858BC242B643748004859BC /* Problem_20.swift */ = {isa = PBXFileReference; fileEncoding = 4; lastKnownFileType = sourcecode.swift; path = Problem_20.swift; sourceTree = "<group>"; };
		A858BC252B643748004859BC /* Problem_33.swift */ = {isa = PBXFileReference; fileEncoding = 4; lastKnownFileType = sourcecode.swift; path = Problem_33.swift; sourceTree = "<group>"; };
		A858BC262B643748004859BC /* Problem_34.swift */ = {isa = PBXFileReference; fileEncoding = 4; lastKnownFileType = sourcecode.swift; path = Problem_34.swift; sourceTree = "<group>"; };
		A858BC272B643749004859BC /* Problem_14.swift */ = {isa = PBXFileReference; fileEncoding = 4; lastKnownFileType = sourcecode.swift; path = Problem_14.swift; sourceTree = "<group>"; };
		A858BC282B643749004859BC /* Problem_35.swift */ = {isa = PBXFileReference; fileEncoding = 4; lastKnownFileType = sourcecode.swift; path = Problem_35.swift; sourceTree = "<group>"; };
		A858BC292B643749004859BC /* Problem_19.swift */ = {isa = PBXFileReference; fileEncoding = 4; lastKnownFileType = sourcecode.swift; path = Problem_19.swift; sourceTree = "<group>"; };
		A858BC2A2B64374A004859BC /* Problem_10.swift */ = {isa = PBXFileReference; fileEncoding = 4; lastKnownFileType = sourcecode.swift; path = Problem_10.swift; sourceTree = "<group>"; };
		A858BC2B2B64374A004859BC /* Problem_11.swift */ = {isa = PBXFileReference; fileEncoding = 4; lastKnownFileType = sourcecode.swift; path = Problem_11.swift; sourceTree = "<group>"; };
		A858BC2C2B64374A004859BC /* Problem_25.swift */ = {isa = PBXFileReference; fileEncoding = 4; lastKnownFileType = sourcecode.swift; path = Problem_25.swift; sourceTree = "<group>"; };
		A858BC2D2B64374A004859BC /* Problem_4.swift */ = {isa = PBXFileReference; fileEncoding = 4; lastKnownFileType = sourcecode.swift; path = Problem_4.swift; sourceTree = "<group>"; };
		A858BC2E2B64374B004859BC /* Problem_38.swift */ = {isa = PBXFileReference; fileEncoding = 4; lastKnownFileType = sourcecode.swift; path = Problem_38.swift; sourceTree = "<group>"; };
		A858BC2F2B64374B004859BC /* Problem_49.swift */ = {isa = PBXFileReference; fileEncoding = 4; lastKnownFileType = sourcecode.swift; path = Problem_49.swift; sourceTree = "<group>"; };
		A858BC302B64374B004859BC /* Problem_8.swift */ = {isa = PBXFileReference; fileEncoding = 4; lastKnownFileType = sourcecode.swift; path = Problem_8.swift; sourceTree = "<group>"; };
		A858BC312B64374C004859BC /* Problem_18.swift */ = {isa = PBXFileReference; fileEncoding = 4; lastKnownFileType = sourcecode.swift; path = Problem_18.swift; sourceTree = "<group>"; };
		A858BC322B64374C004859BC /* Problem_48.swift */ = {isa = PBXFileReference; fileEncoding = 4; lastKnownFileType = sourcecode.swift; path = Problem_48.swift; sourceTree = "<group>"; };
		A858BC332B64374C004859BC /* Problem_7.swift */ = {isa = PBXFileReference; fileEncoding = 4; lastKnownFileType = sourcecode.swift; path = Problem_7.swift; sourceTree = "<group>"; };
		A858BC342B64374D004859BC /* Problem_22.swift */ = {isa = PBXFileReference; fileEncoding = 4; lastKnownFileType = sourcecode.swift; path = Problem_22.swift; sourceTree = "<group>"; };
		A858BC352B64374D004859BC /* Problem_13.swift */ = {isa = PBXFileReference; fileEncoding = 4; lastKnownFileType = sourcecode.swift; path = Problem_13.swift; sourceTree = "<group>"; };
		A858BC5F2B64388F004859BC /* ProblemsTests_50.swift */ = {isa = PBXFileReference; lastKnownFileType = sourcecode.swift; path = ProblemsTests_50.swift; sourceTree = "<group>"; };
		A858BC8B2B650017004859BC /* ListNode.swift */ = {isa = PBXFileReference; fileEncoding = 4; lastKnownFileType = sourcecode.swift; path = ListNode.swift; sourceTree = "<group>"; };
		A858BC922B654DF6004859BC /* Problem_53.swift */ = {isa = PBXFileReference; fileEncoding = 4; lastKnownFileType = sourcecode.swift; path = Problem_53.swift; sourceTree = "<group>"; };
		A858BC942B654E34004859BC /* ProblemsTests_100.swift */ = {isa = PBXFileReference; lastKnownFileType = sourcecode.swift; path = ProblemsTests_100.swift; sourceTree = "<group>"; };
		A858BC972B6593F4004859BC /* LRUCache.swift */ = {isa = PBXFileReference; fileEncoding = 4; lastKnownFileType = sourcecode.swift; path = LRUCache.swift; sourceTree = "<group>"; };
		A858BC9B2B659438004859BC /* Problem_141.swift */ = {isa = PBXFileReference; fileEncoding = 4; lastKnownFileType = sourcecode.swift; path = Problem_141.swift; sourceTree = "<group>"; };
		A858BC9C2B659439004859BC /* Problem_121.swift */ = {isa = PBXFileReference; fileEncoding = 4; lastKnownFileType = sourcecode.swift; path = Problem_121.swift; sourceTree = "<group>"; };
		A858BC9D2B659439004859BC /* Problem_110.swift */ = {isa = PBXFileReference; fileEncoding = 4; lastKnownFileType = sourcecode.swift; path = Problem_110.swift; sourceTree = "<group>"; };
		A858BC9E2B659439004859BC /* Problem_136.swift */ = {isa = PBXFileReference; fileEncoding = 4; lastKnownFileType = sourcecode.swift; path = Problem_136.swift; sourceTree = "<group>"; };
		A858BC9F2B659439004859BC /* Problem_104.swift */ = {isa = PBXFileReference; fileEncoding = 4; lastKnownFileType = sourcecode.swift; path = Problem_104.swift; sourceTree = "<group>"; };
		A858BCA02B65943A004859BC /* Problem_103.swift */ = {isa = PBXFileReference; fileEncoding = 4; lastKnownFileType = sourcecode.swift; path = Problem_103.swift; sourceTree = "<group>"; };
		A858BCA12B65943A004859BC /* Problem_125.swift */ = {isa = PBXFileReference; fileEncoding = 4; lastKnownFileType = sourcecode.swift; path = Problem_125.swift; sourceTree = "<group>"; };
		A858BCB02B659480004859BC /* Problem_150.swift */ = {isa = PBXFileReference; fileEncoding = 4; lastKnownFileType = sourcecode.swift; path = Problem_150.swift; sourceTree = "<group>"; };
		A858BCB32B6594B7004859BC /* TreeNode.swift */ = {isa = PBXFileReference; fileEncoding = 4; lastKnownFileType = sourcecode.swift; path = TreeNode.swift; sourceTree = "<group>"; };
		A858BCB62B6594E6004859BC /* DoubleLinkedList.swift */ = {isa = PBXFileReference; fileEncoding = 4; lastKnownFileType = sourcecode.swift; path = DoubleLinkedList.swift; sourceTree = "<group>"; };
		A858BCB92B659512004859BC /* ProblemsTests_150.swift */ = {isa = PBXFileReference; lastKnownFileType = sourcecode.swift; path = ProblemsTests_150.swift; sourceTree = "<group>"; };
		A858BCBC2B6595F9004859BC /* Problem_167.swift */ = {isa = PBXFileReference; fileEncoding = 4; lastKnownFileType = sourcecode.swift; path = Problem_167.swift; sourceTree = "<group>"; };
		A858BCBD2B6595FA004859BC /* Problem_153.swift */ = {isa = PBXFileReference; fileEncoding = 4; lastKnownFileType = sourcecode.swift; path = Problem_153.swift; sourceTree = "<group>"; };
		A858BCBE2B6595FA004859BC /* Problem_200.swift */ = {isa = PBXFileReference; fileEncoding = 4; lastKnownFileType = sourcecode.swift; path = Problem_200.swift; sourceTree = "<group>"; };
		A858BCC52B659610004859BC /* ProblemsTests_200.swift */ = {isa = PBXFileReference; fileEncoding = 4; lastKnownFileType = sourcecode.swift; path = ProblemsTests_200.swift; sourceTree = "<group>"; };
		A858BCC82B6685D2004859BC /* Queue.swift */ = {isa = PBXFileReference; lastKnownFileType = sourcecode.swift; path = Queue.swift; sourceTree = "<group>"; };
		A858BCCB2B669805004859BC /* LinkedList.swift */ = {isa = PBXFileReference; lastKnownFileType = sourcecode.swift; path = LinkedList.swift; sourceTree = "<group>"; };
		A858BCCF2B6698ED004859BC /* Problem_205.swift */ = {isa = PBXFileReference; lastKnownFileType = sourcecode.swift; path = Problem_205.swift; sourceTree = "<group>"; };
		A858BCD22B669AF4004859BC /* ProblemsTests_250.swift */ = {isa = PBXFileReference; lastKnownFileType = sourcecode.swift; path = ProblemsTests_250.swift; sourceTree = "<group>"; };
		A858BCD42B66A170004859BC /* Problem_206.swift */ = {isa = PBXFileReference; lastKnownFileType = sourcecode.swift; path = Problem_206.swift; sourceTree = "<group>"; };
		A858BCD72B66C814004859BC /* Problem_228.swift */ = {isa = PBXFileReference; lastKnownFileType = sourcecode.swift; path = Problem_228.swift; sourceTree = "<group>"; };
		A858BCDA2B66CE14004859BC /* MyQueue.swift */ = {isa = PBXFileReference; lastKnownFileType = sourcecode.swift; path = MyQueue.swift; sourceTree = "<group>"; };
		A858BCDD2B66D630004859BC /* Problem_234.swift */ = {isa = PBXFileReference; lastKnownFileType = sourcecode.swift; path = Problem_234.swift; sourceTree = "<group>"; };
/* End PBXFileReference section */

/* Begin PBXFrameworksBuildPhase section */
		A858BBF22B64361E004859BC /* Frameworks */ = {
			isa = PBXFrameworksBuildPhase;
			buildActionMask = 2147483647;
			files = (
			);
			runOnlyForDeploymentPostprocessing = 0;
		};
		A858BBFE2B643670004859BC /* Frameworks */ = {
			isa = PBXFrameworksBuildPhase;
			buildActionMask = 2147483647;
			files = (
				A858BC052B643670004859BC /* libProblems.a in Frameworks */,
			);
			runOnlyForDeploymentPostprocessing = 0;
		};
/* End PBXFrameworksBuildPhase section */

/* Begin PBXGroup section */
		A858BBEA2B6434D1004859BC = {
			isa = PBXGroup;
			children = (
				A858BBF72B64361E004859BC /* Problems */,
				A858BC022B643670004859BC /* ProblemsTests */,
				A858BBF62B64361E004859BC /* Products */,
			);
			sourceTree = "<group>";
		};
		A858BBF62B64361E004859BC /* Products */ = {
			isa = PBXGroup;
			children = (
				A858BBF52B64361E004859BC /* libProblems.a */,
				A858BC012B643670004859BC /* ProblemsTests.xctest */,
			);
			name = Products;
			sourceTree = "<group>";
		};
		A858BBF72B64361E004859BC /* Problems */ = {
			isa = PBXGroup;
			children = (
				A858BBF82B64361E004859BC /* Problems.swift */,
				A858BC902B654D91004859BC /* DataStructures */,
				A858BCCE2B6698D5004859BC /* Problems_250 */,
				A858BCBB2B6595D9004859BC /* Problems_200 */,
				A858BC9A2B6593FD004859BC /* Problems_150 */,
				A858BC912B654DC1004859BC /* Problems_100 */,
				A858BC0C2B6436F8004859BC /* Problems_50 */,
			);
			path = Problems;
			sourceTree = "<group>";
		};
		A858BC022B643670004859BC /* ProblemsTests */ = {
			isa = PBXGroup;
			children = (
				A858BC032B643670004859BC /* ProblemsTests.swift */,
				A858BCD22B669AF4004859BC /* ProblemsTests_250.swift */,
				A858BCC52B659610004859BC /* ProblemsTests_200.swift */,
				A858BCB92B659512004859BC /* ProblemsTests_150.swift */,
				A858BC942B654E34004859BC /* ProblemsTests_100.swift */,
				A858BC5F2B64388F004859BC /* ProblemsTests_50.swift */,
			);
			path = ProblemsTests;
			sourceTree = "<group>";
		};
		A858BC0C2B6436F8004859BC /* Problems_50 */ = {
			isa = PBXGroup;
			children = (
				A858BC2F2B64374B004859BC /* Problem_49.swift */,
				A858BC322B64374C004859BC /* Problem_48.swift */,
				A858BC222B643747004859BC /* Problem_43.swift */,
				A858BC2E2B64374B004859BC /* Problem_38.swift */,
				A858BC0D2B643741004859BC /* Problem_37.swift */,
				A858BC1D2B643746004859BC /* Problem_36.swift */,
				A858BC282B643749004859BC /* Problem_35.swift */,
				A858BC262B643748004859BC /* Problem_34.swift */,
				A858BC252B643748004859BC /* Problem_33.swift */,
				A858BC1F2B643746004859BC /* Problem_32.swift */,
				A858BC102B643742004859BC /* Problem_31.swift */,
				A858BC0E2B643741004859BC /* Problem_30.swift */,
				A858BC1C2B643745004859BC /* Problem_29.swift */,
				A858BC192B643745004859BC /* Problem_28.swift */,
				A858BC182B643744004859BC /* Problem_27.swift */,
				A858BC202B643746004859BC /* Problem_26.swift */,
				A858BC2C2B64374A004859BC /* Problem_25.swift */,
				A858BC232B643747004859BC /* Problem_24.swift */,
				A858BC172B643744004859BC /* Problem_23.swift */,
				A858BC342B64374D004859BC /* Problem_22.swift */,
				A858BC132B643743004859BC /* Problem_21.swift */,
				A858BC242B643748004859BC /* Problem_20.swift */,
				A858BC292B643749004859BC /* Problem_19.swift */,
				A858BC312B64374C004859BC /* Problem_18.swift */,
				A858BC0F2B643742004859BC /* Problem_17.swift */,
				A858BC162B643743004859BC /* Problem_16.swift */,
				A858BC112B643742004859BC /* Problem_15.swift */,
				A858BC272B643749004859BC /* Problem_14.swift */,
				A858BC352B64374D004859BC /* Problem_13.swift */,
				A858BC212B643747004859BC /* Problem_12.swift */,
				A858BC2B2B64374A004859BC /* Problem_11.swift */,
				A858BC2A2B64374A004859BC /* Problem_10.swift */,
				A858BC1E2B643746004859BC /* Problem_9.swift */,
				A858BC302B64374B004859BC /* Problem_8.swift */,
				A858BC332B64374C004859BC /* Problem_7.swift */,
				A858BC152B643743004859BC /* Problem_6.swift */,
				A858BC1B2B643745004859BC /* Problem_5.swift */,
				A858BC2D2B64374A004859BC /* Problem_4.swift */,
				A858BC122B643742004859BC /* Problem_3.swift */,
				A858BC142B643743004859BC /* Problem_2.swift */,
				A858BC1A2B643745004859BC /* Problem_1.swift */,
			);
			name = Problems_50;
			sourceTree = "<group>";
		};
		A858BC902B654D91004859BC /* DataStructures */ = {
			isa = PBXGroup;
			children = (
				A858BCB62B6594E6004859BC /* DoubleLinkedList.swift */,
				A858BCCB2B669805004859BC /* LinkedList.swift */,
				A858BC8B2B650017004859BC /* ListNode.swift */,
				A858BC972B6593F4004859BC /* LRUCache.swift */,
				A858BCB32B6594B7004859BC /* TreeNode.swift */,
				A858BCC82B6685D2004859BC /* Queue.swift */,
				A858BCDA2B66CE14004859BC /* MyQueue.swift */,
			);
			path = DataStructures;
			sourceTree = "<group>";
		};
		A858BC912B654DC1004859BC /* Problems_100 */ = {
			isa = PBXGroup;
			children = (
				A858BC922B654DF6004859BC /* Problem_53.swift */,
			);
			name = Problems_100;
			sourceTree = "<group>";
		};
		A858BC9A2B6593FD004859BC /* Problems_150 */ = {
			isa = PBXGroup;
			children = (
				A858BCB02B659480004859BC /* Problem_150.swift */,
				A858BC9B2B659438004859BC /* Problem_141.swift */,
				A858BC9E2B659439004859BC /* Problem_136.swift */,
				A858BCA12B65943A004859BC /* Problem_125.swift */,
				A858BC9C2B659439004859BC /* Problem_121.swift */,
				A858BC9D2B659439004859BC /* Problem_110.swift */,
				A858BC9F2B659439004859BC /* Problem_104.swift */,
				A858BCA02B65943A004859BC /* Problem_103.swift */,
			);
			name = Problems_150;
			sourceTree = "<group>";
		};
		A858BCBB2B6595D9004859BC /* Problems_200 */ = {
			isa = PBXGroup;
			children = (
				A858BCBE2B6595FA004859BC /* Problem_200.swift */,
				A858BCBC2B6595F9004859BC /* Problem_167.swift */,
				A858BCBD2B6595FA004859BC /* Problem_153.swift */,
			);
			name = Problems_200;
			sourceTree = "<group>";
		};
		A858BCCE2B6698D5004859BC /* Problems_250 */ = {
			isa = PBXGroup;
			children = (
				A858BCD72B66C814004859BC /* Problem_228.swift */,
				A858BCD42B66A170004859BC /* Problem_206.swift */,
				A858BCCF2B6698ED004859BC /* Problem_205.swift */,
				A858BCDD2B66D630004859BC /* Problem_234.swift */,
			);
			name = Problems_250;
			sourceTree = "<group>";
		};
/* End PBXGroup section */

/* Begin PBXNativeTarget section */
		A858BBF42B64361E004859BC /* Problems */ = {
			isa = PBXNativeTarget;
			buildConfigurationList = A858BBFA2B64361E004859BC /* Build configuration list for PBXNativeTarget "Problems" */;
			buildPhases = (
				A858BBF12B64361E004859BC /* Sources */,
				A858BBF22B64361E004859BC /* Frameworks */,
				A858BBF32B64361E004859BC /* CopyFiles */,
			);
			buildRules = (
			);
			dependencies = (
			);
			name = Problems;
			productName = Problems;
			productReference = A858BBF52B64361E004859BC /* libProblems.a */;
			productType = "com.apple.product-type.library.static";
		};
		A858BC002B643670004859BC /* ProblemsTests */ = {
			isa = PBXNativeTarget;
			buildConfigurationList = A858BC082B643670004859BC /* Build configuration list for PBXNativeTarget "ProblemsTests" */;
			buildPhases = (
				A858BBFD2B643670004859BC /* Sources */,
				A858BBFE2B643670004859BC /* Frameworks */,
				A858BBFF2B643670004859BC /* Resources */,
			);
			buildRules = (
			);
			dependencies = (
				A858BC072B643670004859BC /* PBXTargetDependency */,
			);
			name = ProblemsTests;
			productName = ProblemsTests;
			productReference = A858BC012B643670004859BC /* ProblemsTests.xctest */;
			productType = "com.apple.product-type.bundle.unit-test";
		};
/* End PBXNativeTarget section */

/* Begin PBXProject section */
		A858BBEB2B6434D1004859BC /* Project object */ = {
			isa = PBXProject;
			attributes = {
				BuildIndependentTargetsInParallel = 1;
				LastSwiftUpdateCheck = 1500;
				LastUpgradeCheck = 1500;
				TargetAttributes = {
					A858BBF42B64361E004859BC = {
						CreatedOnToolsVersion = 15.0.1;
					};
					A858BC002B643670004859BC = {
						CreatedOnToolsVersion = 15.0.1;
					};
				};
			};
			buildConfigurationList = A858BBEE2B6434D1004859BC /* Build configuration list for PBXProject "LeetСodeProblems" */;
			compatibilityVersion = "Xcode 14.0";
			developmentRegion = en;
			hasScannedForEncodings = 0;
			knownRegions = (
				en,
				Base,
			);
			mainGroup = A858BBEA2B6434D1004859BC;
			productRefGroup = A858BBF62B64361E004859BC /* Products */;
			projectDirPath = "";
			projectRoot = "";
			targets = (
				A858BBF42B64361E004859BC /* Problems */,
				A858BC002B643670004859BC /* ProblemsTests */,
			);
		};
/* End PBXProject section */

/* Begin PBXResourcesBuildPhase section */
		A858BBFF2B643670004859BC /* Resources */ = {
			isa = PBXResourcesBuildPhase;
			buildActionMask = 2147483647;
			files = (
			);
			runOnlyForDeploymentPostprocessing = 0;
		};
/* End PBXResourcesBuildPhase section */

/* Begin PBXSourcesBuildPhase section */
		A858BBF12B64361E004859BC /* Sources */ = {
			isa = PBXSourcesBuildPhase;
			buildActionMask = 2147483647;
			files = (
				A858BCD82B66C814004859BC /* Problem_228.swift in Sources */,
				A858BCB72B6594E6004859BC /* DoubleLinkedList.swift in Sources */,
				A858BC462B64374D004859BC /* Problem_36.swift in Sources */,
				A858BC552B64374D004859BC /* Problem_25.swift in Sources */,
				A858BC572B64374D004859BC /* Problem_38.swift in Sources */,
				A858BCB12B659480004859BC /* Problem_150.swift in Sources */,
				A858BC8C2B650017004859BC /* ListNode.swift in Sources */,
				A858BC4C2B64374D004859BC /* Problem_24.swift in Sources */,
				A858BC372B64374D004859BC /* Problem_30.swift in Sources */,
				A858BBF92B64361E004859BC /* Problems.swift in Sources */,
				A858BC502B64374D004859BC /* Problem_14.swift in Sources */,
				A858BC522B64374D004859BC /* Problem_19.swift in Sources */,
				A858BCDE2B66D630004859BC /* Problem_234.swift in Sources */,
				A858BC592B64374D004859BC /* Problem_8.swift in Sources */,
				A858BC582B64374D004859BC /* Problem_49.swift in Sources */,
				A858BC3B2B64374D004859BC /* Problem_3.swift in Sources */,
				A858BC5B2B64374D004859BC /* Problem_48.swift in Sources */,
				A858BC392B64374D004859BC /* Problem_31.swift in Sources */,
				A858BC5D2B64374D004859BC /* Problem_22.swift in Sources */,
				A858BC402B64374D004859BC /* Problem_23.swift in Sources */,
				A858BCC92B6685D2004859BC /* Queue.swift in Sources */,
				A858BC472B64374D004859BC /* Problem_9.swift in Sources */,
				A858BC532B64374D004859BC /* Problem_10.swift in Sources */,
				A858BCC12B6595FA004859BC /* Problem_153.swift in Sources */,
				A858BC362B64374D004859BC /* Problem_37.swift in Sources */,
				A858BC5C2B64374D004859BC /* Problem_7.swift in Sources */,
				A858BC4A2B64374D004859BC /* Problem_12.swift in Sources */,
				A858BC382B64374D004859BC /* Problem_17.swift in Sources */,
				A858BCD52B66A170004859BC /* Problem_206.swift in Sources */,
				A858BC3F2B64374D004859BC /* Problem_16.swift in Sources */,
				A858BC492B64374D004859BC /* Problem_26.swift in Sources */,
				A858BC4E2B64374D004859BC /* Problem_33.swift in Sources */,
				A858BC412B64374D004859BC /* Problem_27.swift in Sources */,
				A858BCD02B6698ED004859BC /* Problem_205.swift in Sources */,
				A858BC432B64374D004859BC /* Problem_1.swift in Sources */,
				A858BC482B64374D004859BC /* Problem_32.swift in Sources */,
				A858BCAE2B65943A004859BC /* Problem_125.swift in Sources */,
				A858BC3E2B64374D004859BC /* Problem_6.swift in Sources */,
				A858BC562B64374D004859BC /* Problem_4.swift in Sources */,
				A858BC4F2B64374D004859BC /* Problem_34.swift in Sources */,
				A858BCBF2B6595FA004859BC /* Problem_167.swift in Sources */,
				A858BC3C2B64374D004859BC /* Problem_21.swift in Sources */,
				A858BC5A2B64374D004859BC /* Problem_18.swift in Sources */,
				A858BC422B64374D004859BC /* Problem_28.swift in Sources */,
				A858BC452B64374D004859BC /* Problem_29.swift in Sources */,
				A858BC932B654DF6004859BC /* Problem_53.swift in Sources */,
				A858BCCC2B669805004859BC /* LinkedList.swift in Sources */,
				A858BC512B64374D004859BC /* Problem_35.swift in Sources */,
				A858BC5E2B64374D004859BC /* Problem_13.swift in Sources */,
				A858BCA82B65943A004859BC /* Problem_136.swift in Sources */,
				A858BCC32B6595FA004859BC /* Problem_200.swift in Sources */,
				A858BCAA2B65943A004859BC /* Problem_104.swift in Sources */,
				A858BCDB2B66CE14004859BC /* MyQueue.swift in Sources */,
				A858BC3A2B64374D004859BC /* Problem_15.swift in Sources */,
				A858BC982B6593F5004859BC /* LRUCache.swift in Sources */,
				A858BC4D2B64374D004859BC /* Problem_20.swift in Sources */,
				A858BC3D2B64374D004859BC /* Problem_2.swift in Sources */,
				A858BC542B64374D004859BC /* Problem_11.swift in Sources */,
				A858BCB42B6594B7004859BC /* TreeNode.swift in Sources */,
				A858BC442B64374D004859BC /* Problem_5.swift in Sources */,
				A858BCA22B65943A004859BC /* Problem_141.swift in Sources */,
				A858BCA42B65943A004859BC /* Problem_121.swift in Sources */,
				A858BCAC2B65943A004859BC /* Problem_103.swift in Sources */,
				A858BCA62B65943A004859BC /* Problem_110.swift in Sources */,
				A858BC4B2B64374D004859BC /* Problem_43.swift in Sources */,
			);
			runOnlyForDeploymentPostprocessing = 0;
		};
		A858BBFD2B643670004859BC /* Sources */ = {
			isa = PBXSourcesBuildPhase;
			buildActionMask = 2147483647;
			files = (
				A858BC992B6593F5004859BC /* LRUCache.swift in Sources */,
				A858BCDF2B66D630004859BC /* Problem_234.swift in Sources */,
				A858BC7F2B64FF32004859BC /* Problem_37.swift in Sources */,
				A858BC8A2B64FF50004859BC /* Problems.swift in Sources */,
				A858BCAF2B65943A004859BC /* Problem_125.swift in Sources */,
				A858BC862B64FF32004859BC /* Problem_24.swift in Sources */,
				A858BC952B654E34004859BC /* ProblemsTests_100.swift in Sources */,
				A858BC682B64FF32004859BC /* Problem_16.swift in Sources */,
				A858BCAB2B65943A004859BC /* Problem_104.swift in Sources */,
				A858BCA92B65943A004859BC /* Problem_136.swift in Sources */,
				A858BC6D2B64FF32004859BC /* Problem_27.swift in Sources */,
				A858BC792B64FF32004859BC /* Problem_14.swift in Sources */,
				A858BC7B2B64FF32004859BC /* Problem_8.swift in Sources */,
				A858BC742B64FF32004859BC /* Problem_43.swift in Sources */,
				A858BCAD2B65943A004859BC /* Problem_103.swift in Sources */,
				A858BC842B64FF32004859BC /* Problem_38.swift in Sources */,
				A858BC732B64FF32004859BC /* Problem_10.swift in Sources */,
				A858BC602B64388F004859BC /* ProblemsTests_50.swift in Sources */,
				A858BCD12B6698ED004859BC /* Problem_205.swift in Sources */,
				A858BCA72B65943A004859BC /* Problem_110.swift in Sources */,
				A858BC8D2B650017004859BC /* ListNode.swift in Sources */,
				A858BC7E2B64FF32004859BC /* Problem_48.swift in Sources */,
				A858BCC42B6595FA004859BC /* Problem_200.swift in Sources */,
				A858BC7D2B64FF32004859BC /* Problem_5.swift in Sources */,
				A858BC962B659310004859BC /* Problem_53.swift in Sources */,
				A858BC822B64FF32004859BC /* Problem_25.swift in Sources */,
				A858BCA52B65943A004859BC /* Problem_121.swift in Sources */,
				A858BC6B2B64FF32004859BC /* Problem_36.swift in Sources */,
				A858BCC72B659610004859BC /* ProblemsTests_200.swift in Sources */,
				A858BC6F2B64FF32004859BC /* Problem_32.swift in Sources */,
				A858BCD32B669AF4004859BC /* ProblemsTests_250.swift in Sources */,
				A858BC812B64FF32004859BC /* Problem_30.swift in Sources */,
				A858BC692B64FF32004859BC /* Problem_13.swift in Sources */,
				A858BCD62B66A170004859BC /* Problem_206.swift in Sources */,
				A858BCDC2B66CE14004859BC /* MyQueue.swift in Sources */,
				A858BC712B64FF32004859BC /* Problem_33.swift in Sources */,
				A858BC6A2B64FF32004859BC /* Problem_1.swift in Sources */,
				A858BC852B64FF32004859BC /* Problem_34.swift in Sources */,
				A858BC772B64FF32004859BC /* Problem_17.swift in Sources */,
				A858BC722B64FF32004859BC /* Problem_49.swift in Sources */,
				A858BCC22B6595FA004859BC /* Problem_153.swift in Sources */,
				A858BC882B64FF32004859BC /* Problem_29.swift in Sources */,
				A858BCCD2B669805004859BC /* LinkedList.swift in Sources */,
				A858BC672B64FF32004859BC /* Problem_20.swift in Sources */,
				A858BC042B643670004859BC /* ProblemsTests.swift in Sources */,
				A858BC7A2B64FF32004859BC /* Problem_9.swift in Sources */,
				A858BC762B64FF32004859BC /* Problem_28.swift in Sources */,
				A858BC832B64FF32004859BC /* Problem_3.swift in Sources */,
				A858BC612B64FF32004859BC /* Problem_18.swift in Sources */,
				A858BCCA2B6685D2004859BC /* Queue.swift in Sources */,
				A858BC802B64FF32004859BC /* Problem_4.swift in Sources */,
				A858BC892B64FF32004859BC /* Problem_19.swift in Sources */,
				A858BCB22B659480004859BC /* Problem_150.swift in Sources */,
				A858BCA32B65943A004859BC /* Problem_141.swift in Sources */,
				A858BC652B64FF32004859BC /* Problem_26.swift in Sources */,
				A858BC752B64FF32004859BC /* Problem_31.swift in Sources */,
				A858BC622B64FF32004859BC /* Problem_35.swift in Sources */,
				A858BCBA2B659512004859BC /* ProblemsTests_150.swift in Sources */,
				A858BC702B64FF32004859BC /* Problem_6.swift in Sources */,
				A858BC6C2B64FF32004859BC /* Problem_12.swift in Sources */,
				A858BCC02B6595FA004859BC /* Problem_167.swift in Sources */,
				A858BC642B64FF32004859BC /* Problem_23.swift in Sources */,
				A858BC872B64FF32004859BC /* Problem_11.swift in Sources */,
				A858BC632B64FF32004859BC /* Problem_2.swift in Sources */,
				A858BC6E2B64FF32004859BC /* Problem_21.swift in Sources */,
				A858BCD92B66C814004859BC /* Problem_228.swift in Sources */,
				A858BCB52B6594B7004859BC /* TreeNode.swift in Sources */,
				A858BC7C2B64FF32004859BC /* Problem_7.swift in Sources */,
				A858BCB82B6594E6004859BC /* DoubleLinkedList.swift in Sources */,
				A858BC662B64FF32004859BC /* Problem_22.swift in Sources */,
				A858BC782B64FF32004859BC /* Problem_15.swift in Sources */,
			);
			runOnlyForDeploymentPostprocessing = 0;
		};
/* End PBXSourcesBuildPhase section */

/* Begin PBXTargetDependency section */
		A858BC072B643670004859BC /* PBXTargetDependency */ = {
			isa = PBXTargetDependency;
			target = A858BBF42B64361E004859BC /* Problems */;
			targetProxy = A858BC062B643670004859BC /* PBXContainerItemProxy */;
		};
/* End PBXTargetDependency section */

/* Begin XCBuildConfiguration section */
		A858BBEF2B6434D1004859BC /* Debug */ = {
			isa = XCBuildConfiguration;
			buildSettings = {
			};
			name = Debug;
		};
		A858BBF02B6434D1004859BC /* Release */ = {
			isa = XCBuildConfiguration;
			buildSettings = {
			};
			name = Release;
		};
		A858BBFB2B64361E004859BC /* Debug */ = {
			isa = XCBuildConfiguration;
			buildSettings = {
				ALWAYS_SEARCH_USER_PATHS = NO;
				ASSETCATALOG_COMPILER_GENERATE_SWIFT_ASSET_SYMBOL_EXTENSIONS = YES;
				CLANG_ANALYZER_NONNULL = YES;
				CLANG_ANALYZER_NUMBER_OBJECT_CONVERSION = YES_AGGRESSIVE;
				CLANG_CXX_LANGUAGE_STANDARD = "gnu++20";
				CLANG_ENABLE_MODULES = YES;
				CLANG_ENABLE_OBJC_ARC = YES;
				CLANG_ENABLE_OBJC_WEAK = YES;
				CLANG_WARN_BLOCK_CAPTURE_AUTORELEASING = YES;
				CLANG_WARN_BOOL_CONVERSION = YES;
				CLANG_WARN_COMMA = YES;
				CLANG_WARN_CONSTANT_CONVERSION = YES;
				CLANG_WARN_DEPRECATED_OBJC_IMPLEMENTATIONS = YES;
				CLANG_WARN_DIRECT_OBJC_ISA_USAGE = YES_ERROR;
				CLANG_WARN_DOCUMENTATION_COMMENTS = YES;
				CLANG_WARN_EMPTY_BODY = YES;
				CLANG_WARN_ENUM_CONVERSION = YES;
				CLANG_WARN_INFINITE_RECURSION = YES;
				CLANG_WARN_INT_CONVERSION = YES;
				CLANG_WARN_NON_LITERAL_NULL_CONVERSION = YES;
				CLANG_WARN_OBJC_IMPLICIT_RETAIN_SELF = YES;
				CLANG_WARN_OBJC_LITERAL_CONVERSION = YES;
				CLANG_WARN_OBJC_ROOT_CLASS = YES_ERROR;
				CLANG_WARN_QUOTED_INCLUDE_IN_FRAMEWORK_HEADER = YES;
				CLANG_WARN_RANGE_LOOP_ANALYSIS = YES;
				CLANG_WARN_STRICT_PROTOTYPES = YES;
				CLANG_WARN_SUSPICIOUS_MOVE = YES;
				CLANG_WARN_UNGUARDED_AVAILABILITY = YES_AGGRESSIVE;
				CLANG_WARN_UNREACHABLE_CODE = YES;
				CLANG_WARN__DUPLICATE_METHOD_MATCH = YES;
				CODE_SIGN_STYLE = Automatic;
				COPY_PHASE_STRIP = NO;
				DEBUG_INFORMATION_FORMAT = dwarf;
				DEVELOPMENT_TEAM = 8FA6F58X42;
				ENABLE_STRICT_OBJC_MSGSEND = YES;
				ENABLE_TESTABILITY = YES;
				ENABLE_USER_SCRIPT_SANDBOXING = YES;
				GCC_C_LANGUAGE_STANDARD = gnu17;
				GCC_DYNAMIC_NO_PIC = NO;
				GCC_NO_COMMON_BLOCKS = YES;
				GCC_OPTIMIZATION_LEVEL = 0;
				GCC_PREPROCESSOR_DEFINITIONS = (
					"DEBUG=1",
					"$(inherited)",
				);
				GCC_WARN_64_TO_32_BIT_CONVERSION = YES;
				GCC_WARN_ABOUT_RETURN_TYPE = YES_ERROR;
				GCC_WARN_UNDECLARED_SELECTOR = YES;
				GCC_WARN_UNINITIALIZED_AUTOS = YES_AGGRESSIVE;
				GCC_WARN_UNUSED_FUNCTION = YES;
				GCC_WARN_UNUSED_VARIABLE = YES;
				IPHONEOS_DEPLOYMENT_TARGET = 17.0;
				LOCALIZATION_PREFERS_STRING_CATALOGS = YES;
				MTL_ENABLE_DEBUG_INFO = INCLUDE_SOURCE;
				MTL_FAST_MATH = YES;
				ONLY_ACTIVE_ARCH = YES;
				OTHER_LDFLAGS = "-ObjC";
				PRODUCT_NAME = "$(TARGET_NAME)";
				SDKROOT = iphoneos;
				SKIP_INSTALL = YES;
				SWIFT_ACTIVE_COMPILATION_CONDITIONS = "DEBUG $(inherited)";
				SWIFT_OPTIMIZATION_LEVEL = "-Onone";
				SWIFT_VERSION = 5.0;
				TARGETED_DEVICE_FAMILY = "1,2";
			};
			name = Debug;
		};
		A858BBFC2B64361E004859BC /* Release */ = {
			isa = XCBuildConfiguration;
			buildSettings = {
				ALWAYS_SEARCH_USER_PATHS = NO;
				ASSETCATALOG_COMPILER_GENERATE_SWIFT_ASSET_SYMBOL_EXTENSIONS = YES;
				CLANG_ANALYZER_NONNULL = YES;
				CLANG_ANALYZER_NUMBER_OBJECT_CONVERSION = YES_AGGRESSIVE;
				CLANG_CXX_LANGUAGE_STANDARD = "gnu++20";
				CLANG_ENABLE_MODULES = YES;
				CLANG_ENABLE_OBJC_ARC = YES;
				CLANG_ENABLE_OBJC_WEAK = YES;
				CLANG_WARN_BLOCK_CAPTURE_AUTORELEASING = YES;
				CLANG_WARN_BOOL_CONVERSION = YES;
				CLANG_WARN_COMMA = YES;
				CLANG_WARN_CONSTANT_CONVERSION = YES;
				CLANG_WARN_DEPRECATED_OBJC_IMPLEMENTATIONS = YES;
				CLANG_WARN_DIRECT_OBJC_ISA_USAGE = YES_ERROR;
				CLANG_WARN_DOCUMENTATION_COMMENTS = YES;
				CLANG_WARN_EMPTY_BODY = YES;
				CLANG_WARN_ENUM_CONVERSION = YES;
				CLANG_WARN_INFINITE_RECURSION = YES;
				CLANG_WARN_INT_CONVERSION = YES;
				CLANG_WARN_NON_LITERAL_NULL_CONVERSION = YES;
				CLANG_WARN_OBJC_IMPLICIT_RETAIN_SELF = YES;
				CLANG_WARN_OBJC_LITERAL_CONVERSION = YES;
				CLANG_WARN_OBJC_ROOT_CLASS = YES_ERROR;
				CLANG_WARN_QUOTED_INCLUDE_IN_FRAMEWORK_HEADER = YES;
				CLANG_WARN_RANGE_LOOP_ANALYSIS = YES;
				CLANG_WARN_STRICT_PROTOTYPES = YES;
				CLANG_WARN_SUSPICIOUS_MOVE = YES;
				CLANG_WARN_UNGUARDED_AVAILABILITY = YES_AGGRESSIVE;
				CLANG_WARN_UNREACHABLE_CODE = YES;
				CLANG_WARN__DUPLICATE_METHOD_MATCH = YES;
				CODE_SIGN_STYLE = Automatic;
				COPY_PHASE_STRIP = NO;
				DEBUG_INFORMATION_FORMAT = "dwarf-with-dsym";
				DEVELOPMENT_TEAM = 8FA6F58X42;
				ENABLE_NS_ASSERTIONS = NO;
				ENABLE_STRICT_OBJC_MSGSEND = YES;
				ENABLE_USER_SCRIPT_SANDBOXING = YES;
				GCC_C_LANGUAGE_STANDARD = gnu17;
				GCC_NO_COMMON_BLOCKS = YES;
				GCC_WARN_64_TO_32_BIT_CONVERSION = YES;
				GCC_WARN_ABOUT_RETURN_TYPE = YES_ERROR;
				GCC_WARN_UNDECLARED_SELECTOR = YES;
				GCC_WARN_UNINITIALIZED_AUTOS = YES_AGGRESSIVE;
				GCC_WARN_UNUSED_FUNCTION = YES;
				GCC_WARN_UNUSED_VARIABLE = YES;
				IPHONEOS_DEPLOYMENT_TARGET = 17.0;
				LOCALIZATION_PREFERS_STRING_CATALOGS = YES;
				MTL_ENABLE_DEBUG_INFO = NO;
				MTL_FAST_MATH = YES;
				OTHER_LDFLAGS = "-ObjC";
				PRODUCT_NAME = "$(TARGET_NAME)";
				SDKROOT = iphoneos;
				SKIP_INSTALL = YES;
				SWIFT_COMPILATION_MODE = wholemodule;
				SWIFT_VERSION = 5.0;
				TARGETED_DEVICE_FAMILY = "1,2";
				VALIDATE_PRODUCT = YES;
			};
			name = Release;
		};
		A858BC092B643670004859BC /* Debug */ = {
			isa = XCBuildConfiguration;
			buildSettings = {
				ALWAYS_SEARCH_USER_PATHS = NO;
				ASSETCATALOG_COMPILER_GENERATE_SWIFT_ASSET_SYMBOL_EXTENSIONS = YES;
				CLANG_ANALYZER_NONNULL = YES;
				CLANG_ANALYZER_NUMBER_OBJECT_CONVERSION = YES_AGGRESSIVE;
				CLANG_CXX_LANGUAGE_STANDARD = "gnu++20";
				CLANG_ENABLE_MODULES = YES;
				CLANG_ENABLE_OBJC_ARC = YES;
				CLANG_ENABLE_OBJC_WEAK = YES;
				CLANG_WARN_BLOCK_CAPTURE_AUTORELEASING = YES;
				CLANG_WARN_BOOL_CONVERSION = YES;
				CLANG_WARN_COMMA = YES;
				CLANG_WARN_CONSTANT_CONVERSION = YES;
				CLANG_WARN_DEPRECATED_OBJC_IMPLEMENTATIONS = YES;
				CLANG_WARN_DIRECT_OBJC_ISA_USAGE = YES_ERROR;
				CLANG_WARN_DOCUMENTATION_COMMENTS = YES;
				CLANG_WARN_EMPTY_BODY = YES;
				CLANG_WARN_ENUM_CONVERSION = YES;
				CLANG_WARN_INFINITE_RECURSION = YES;
				CLANG_WARN_INT_CONVERSION = YES;
				CLANG_WARN_NON_LITERAL_NULL_CONVERSION = YES;
				CLANG_WARN_OBJC_IMPLICIT_RETAIN_SELF = YES;
				CLANG_WARN_OBJC_LITERAL_CONVERSION = YES;
				CLANG_WARN_OBJC_ROOT_CLASS = YES_ERROR;
				CLANG_WARN_QUOTED_INCLUDE_IN_FRAMEWORK_HEADER = YES;
				CLANG_WARN_RANGE_LOOP_ANALYSIS = YES;
				CLANG_WARN_STRICT_PROTOTYPES = YES;
				CLANG_WARN_SUSPICIOUS_MOVE = YES;
				CLANG_WARN_UNGUARDED_AVAILABILITY = YES_AGGRESSIVE;
				CLANG_WARN_UNREACHABLE_CODE = YES;
				CLANG_WARN__DUPLICATE_METHOD_MATCH = YES;
				CODE_SIGN_STYLE = Automatic;
				COPY_PHASE_STRIP = NO;
				CURRENT_PROJECT_VERSION = 1;
				DEBUG_INFORMATION_FORMAT = dwarf;
				DEVELOPMENT_TEAM = 8FA6F58X42;
				ENABLE_STRICT_OBJC_MSGSEND = YES;
				ENABLE_TESTABILITY = YES;
				ENABLE_USER_SCRIPT_SANDBOXING = YES;
				GCC_C_LANGUAGE_STANDARD = gnu17;
				GCC_DYNAMIC_NO_PIC = NO;
				GCC_NO_COMMON_BLOCKS = YES;
				GCC_OPTIMIZATION_LEVEL = 0;
				GCC_PREPROCESSOR_DEFINITIONS = (
					"DEBUG=1",
					"$(inherited)",
				);
				GCC_WARN_64_TO_32_BIT_CONVERSION = YES;
				GCC_WARN_ABOUT_RETURN_TYPE = YES_ERROR;
				GCC_WARN_UNDECLARED_SELECTOR = YES;
				GCC_WARN_UNINITIALIZED_AUTOS = YES_AGGRESSIVE;
				GCC_WARN_UNUSED_FUNCTION = YES;
				GCC_WARN_UNUSED_VARIABLE = YES;
				GENERATE_INFOPLIST_FILE = YES;
				IPHONEOS_DEPLOYMENT_TARGET = 17.0;
				LOCALIZATION_PREFERS_STRING_CATALOGS = YES;
				MARKETING_VERSION = 1.0;
				MTL_ENABLE_DEBUG_INFO = INCLUDE_SOURCE;
				MTL_FAST_MATH = YES;
				ONLY_ACTIVE_ARCH = YES;
				PRODUCT_BUNDLE_IDENTIFIER = com.koteika19.ProblemsTests;
				PRODUCT_NAME = "$(TARGET_NAME)";
				SDKROOT = iphoneos;
				SWIFT_ACTIVE_COMPILATION_CONDITIONS = "DEBUG $(inherited)";
				SWIFT_EMIT_LOC_STRINGS = NO;
				SWIFT_OPTIMIZATION_LEVEL = "-Onone";
				SWIFT_VERSION = 5.0;
				TARGETED_DEVICE_FAMILY = "1,2";
			};
			name = Debug;
		};
		A858BC0A2B643670004859BC /* Release */ = {
			isa = XCBuildConfiguration;
			buildSettings = {
				ALWAYS_SEARCH_USER_PATHS = NO;
				ASSETCATALOG_COMPILER_GENERATE_SWIFT_ASSET_SYMBOL_EXTENSIONS = YES;
				CLANG_ANALYZER_NONNULL = YES;
				CLANG_ANALYZER_NUMBER_OBJECT_CONVERSION = YES_AGGRESSIVE;
				CLANG_CXX_LANGUAGE_STANDARD = "gnu++20";
				CLANG_ENABLE_MODULES = YES;
				CLANG_ENABLE_OBJC_ARC = YES;
				CLANG_ENABLE_OBJC_WEAK = YES;
				CLANG_WARN_BLOCK_CAPTURE_AUTORELEASING = YES;
				CLANG_WARN_BOOL_CONVERSION = YES;
				CLANG_WARN_COMMA = YES;
				CLANG_WARN_CONSTANT_CONVERSION = YES;
				CLANG_WARN_DEPRECATED_OBJC_IMPLEMENTATIONS = YES;
				CLANG_WARN_DIRECT_OBJC_ISA_USAGE = YES_ERROR;
				CLANG_WARN_DOCUMENTATION_COMMENTS = YES;
				CLANG_WARN_EMPTY_BODY = YES;
				CLANG_WARN_ENUM_CONVERSION = YES;
				CLANG_WARN_INFINITE_RECURSION = YES;
				CLANG_WARN_INT_CONVERSION = YES;
				CLANG_WARN_NON_LITERAL_NULL_CONVERSION = YES;
				CLANG_WARN_OBJC_IMPLICIT_RETAIN_SELF = YES;
				CLANG_WARN_OBJC_LITERAL_CONVERSION = YES;
				CLANG_WARN_OBJC_ROOT_CLASS = YES_ERROR;
				CLANG_WARN_QUOTED_INCLUDE_IN_FRAMEWORK_HEADER = YES;
				CLANG_WARN_RANGE_LOOP_ANALYSIS = YES;
				CLANG_WARN_STRICT_PROTOTYPES = YES;
				CLANG_WARN_SUSPICIOUS_MOVE = YES;
				CLANG_WARN_UNGUARDED_AVAILABILITY = YES_AGGRESSIVE;
				CLANG_WARN_UNREACHABLE_CODE = YES;
				CLANG_WARN__DUPLICATE_METHOD_MATCH = YES;
				CODE_SIGN_STYLE = Automatic;
				COPY_PHASE_STRIP = NO;
				CURRENT_PROJECT_VERSION = 1;
				DEBUG_INFORMATION_FORMAT = "dwarf-with-dsym";
				DEVELOPMENT_TEAM = 8FA6F58X42;
				ENABLE_NS_ASSERTIONS = NO;
				ENABLE_STRICT_OBJC_MSGSEND = YES;
				ENABLE_USER_SCRIPT_SANDBOXING = YES;
				GCC_C_LANGUAGE_STANDARD = gnu17;
				GCC_NO_COMMON_BLOCKS = YES;
				GCC_WARN_64_TO_32_BIT_CONVERSION = YES;
				GCC_WARN_ABOUT_RETURN_TYPE = YES_ERROR;
				GCC_WARN_UNDECLARED_SELECTOR = YES;
				GCC_WARN_UNINITIALIZED_AUTOS = YES_AGGRESSIVE;
				GCC_WARN_UNUSED_FUNCTION = YES;
				GCC_WARN_UNUSED_VARIABLE = YES;
				GENERATE_INFOPLIST_FILE = YES;
				IPHONEOS_DEPLOYMENT_TARGET = 17.0;
				LOCALIZATION_PREFERS_STRING_CATALOGS = YES;
				MARKETING_VERSION = 1.0;
				MTL_ENABLE_DEBUG_INFO = NO;
				MTL_FAST_MATH = YES;
				PRODUCT_BUNDLE_IDENTIFIER = com.koteika19.ProblemsTests;
				PRODUCT_NAME = "$(TARGET_NAME)";
				SDKROOT = iphoneos;
				SWIFT_COMPILATION_MODE = wholemodule;
				SWIFT_EMIT_LOC_STRINGS = NO;
				SWIFT_VERSION = 5.0;
				TARGETED_DEVICE_FAMILY = "1,2";
				VALIDATE_PRODUCT = YES;
			};
			name = Release;
		};
/* End XCBuildConfiguration section */

/* Begin XCConfigurationList section */
		A858BBEE2B6434D1004859BC /* Build configuration list for PBXProject "LeetСodeProblems" */ = {
			isa = XCConfigurationList;
			buildConfigurations = (
				A858BBEF2B6434D1004859BC /* Debug */,
				A858BBF02B6434D1004859BC /* Release */,
			);
			defaultConfigurationIsVisible = 0;
			defaultConfigurationName = Release;
		};
		A858BBFA2B64361E004859BC /* Build configuration list for PBXNativeTarget "Problems" */ = {
			isa = XCConfigurationList;
			buildConfigurations = (
				A858BBFB2B64361E004859BC /* Debug */,
				A858BBFC2B64361E004859BC /* Release */,
			);
			defaultConfigurationIsVisible = 0;
			defaultConfigurationName = Release;
		};
		A858BC082B643670004859BC /* Build configuration list for PBXNativeTarget "ProblemsTests" */ = {
			isa = XCConfigurationList;
			buildConfigurations = (
				A858BC092B643670004859BC /* Debug */,
				A858BC0A2B643670004859BC /* Release */,
			);
			defaultConfigurationIsVisible = 0;
			defaultConfigurationName = Release;
		};
/* End XCConfigurationList section */
	};
	rootObject = A858BBEB2B6434D1004859BC /* Project object */;
}
