{
  "pins" : [
    {
      "identity" : "swift-data-structures",
      "kind" : "remoteSourceControl",
      "location" : "https://github.com/Aynur19/swift-data-structures",
      "state" : {
        "branch" : "main",
        "revision" : "6860320cd343d2c37e046c7ba2252d13b027aab0"
      }
    }
  ],
  "version" : 2
}
