{
  "pins" : [
    {
      "identity" : "swift-data-structures",
      "kind" : "remoteSourceControl",
      "location" : "https://github.com/Aynur19/swift-data-structures",
      "state" : {
        "branch" : "main",
        "revision" : "96e83bf30f4745b655c0992518f26c6c023e8596"
      }
    }
  ],
  "version" : 2
}
