{
  "pins" : [
    {
      "identity" : "swift-data-structures",
      "kind" : "remoteSourceControl",
      "location" : "https://github.com/Aynur19/swift-data-structures",
      "state" : {
        "branch" : "main",
        "revision" : "d103973d05b97e4ed4b9901e1ef5c695ff654d6b"
      }
    }
  ],
  "version" : 2
}
